%{
  "decimal": {:hex, :decimal, "1.5.0", "b0433a36d0e2430e3d50291b1c65f53c37d56f83665b43d79963684865beab68", [:mix], [], "hexpm"},
  "ex_marshal": {:git, "https://github.com/eole-repos/ex_marshal.git", "9ab5e0ff8dc4add9fb90234d56a49e7f47b415b5", [branch: "master"]},
  "mime": {:hex, :mime, "1.0.1", "05c393850524767d13a53627df71beeebb016205eb43bfbd92d14d24ec7a1b51", [:mix], []},
  "plug": {:hex, :plug, "1.2.2", "cfbda521b54c92ab8ddffb173fbaabed8d8fc94bec07cd9bb58a84c1c501b0bd", [:mix], [{:cowboy, "~> 1.0", [hex: :cowboy, optional: true]}, {:mime, "~> 1.0", [hex: :mime, optional: false]}]},
  "poolboy": {:hex, :poolboy, "1.5.1", "6b46163901cfd0a1b43d692657ed9d7e599853b3b21b95ae5ae0a777cf9b6ca8", [:rebar], []},
  "redo": {:hex, :redo, "2.0.1", "b895c67f4c1266db8fecca0079fbab65bdfaf7c2f5618c8edbdbf4800e7e248b", [:rebar], []},
}
